
Microsoft Visual Studio Solution File, Format Version 12.00
# Visual Studio 15
VisualStudioVersion = 15.0.28307.757
MinimumVisualStudioVersion = 10.0.40219.1
Project("{FAE04EC0-301F-11D3-BF4B-00C04F79EFBC}") = "emWinFontCreator", "emWinFontCreator\emWinFontCreator.csproj", "{8947E410-9E1A-4214-8D4F-F6EB510816DC}"
EndProject
Global
	GlobalSection(SolutionConfigurationPlatforms) = preSolution
		Debug|Any CPU = Debug|Any CPU
		Release|Any CPU = Release|Any CPU
	EndGlobalSection
	GlobalSection(ProjectConfigurationPlatforms) = postSolution
		{8947E410-9E1A-4214-8D4F-F6EB510816DC}.Debug|Any CPU.ActiveCfg = Debug|Any CPU
		{8947E410-9E1A-4214-8D4F-F6EB510816DC}.Debug|Any CPU.Build.0 = Debug|Any CPU
		{8947E410-9E1A-4214-8D4F-F6EB510816DC}.Release|Any CPU.ActiveCfg = Release|Any CPU
		{8947E410-9E1A-4214-8D4F-F6EB510816DC}.Release|Any CPU.Build.0 = Release|Any CPU
	EndGlobalSection
	GlobalSection(SolutionProperties) = preSolution
		HideSolutionNode = FALSE
	EndGlobalSection
	GlobalSection(ExtensibilityGlobals) = postSolution
		SolutionGuid = {35F0C093-0B89-4A01-9E57-E928D69A5BB3}
	EndGlobalSection
EndGlobal
